
Microsoft Visual Studio Solution File, Format Version 12.00
# Visual Studio Version 16
VisualStudioVersion = 25.0.1703.3
MinimumVisualStudioVersion = 10.0.40219.1
Project("{FAE04EC0-301F-11D3-BF4B-00C04F79EFBC}") = "ProductScraping", "ProductScraping\ProductScraping.csproj", "{17B42F1C-4306-4006-BD83-8664C4510814}"
EndProject
Global
	GlobalSection(SolutionConfigurationPlatforms) = preSolution
		Debug|Any CPU = Debug|Any CPU
		Release|Any CPU = Release|Any CPU
	EndGlobalSection
	GlobalSection(ProjectConfigurationPlatforms) = postSolution
		{17B42F1C-4306-4006-BD83-8664C4510814}.Debug|Any CPU.ActiveCfg = Debug|Any CPU
		{17B42F1C-4306-4006-BD83-8664C4510814}.Debug|Any CPU.Build.0 = Debug|Any CPU
		{17B42F1C-4306-4006-BD83-8664C4510814}.Release|Any CPU.ActiveCfg = Release|Any CPU
		{17B42F1C-4306-4006-BD83-8664C4510814}.Release|Any CPU.Build.0 = Release|Any CPU
	EndGlobalSection
	GlobalSection(SolutionProperties) = preSolution
		HideSolutionNode = FALSE
	EndGlobalSection
	GlobalSection(ExtensibilityGlobals) = postSolution
		SolutionGuid = {09757257-28A3-4D9E-9032-7DBA265B65B1}
	EndGlobalSection
EndGlobal
